// !$*UTF8*$!
{
	archiveVersion = 1;
	classes = {
	};
	objectVersion = 46;
	objects = {

/* Begin PBXBuildFile section */
		3363B20C1B156E71000925F9 /* AppDelegate.swift in Sources */ = {isa = PBXBuildFile; fileRef = 3363B20B1B156E71000925F9 /* AppDelegate.swift */; };
		3363B20E1B156E71000925F9 /* ViewController.swift in Sources */ = {isa = PBXBuildFile; fileRef = 3363B20D1B156E71000925F9 /* ViewController.swift */; };
		3363B2111B156E71000925F9 /* Main.storyboard in Resources */ = {isa = PBXBuildFile; fileRef = 3363B20F1B156E71000925F9 /* Main.storyboard */; };
		3363B2131B156E71000925F9 /* Images.xcassets in Resources */ = {isa = PBXBuildFile; fileRef = 3363B2121B156E71000925F9 /* Images.xcassets */; };
		3363B2161B156E71000925F9 /* LaunchScreen.xib in Resources */ = {isa = PBXBuildFile; fileRef = 3363B2141B156E71000925F9 /* LaunchScreen.xib */; };
		3363B2221B156E71000925F9 /* RoshamboTests.swift in Sources */ = {isa = PBXBuildFile; fileRef = 3363B2211B156E71000925F9 /* RoshamboTests.swift */; };
/* End PBXBuildFile section */

/* Begin PBXContainerItemProxy section */
		3363B21C1B156E71000925F9 /* PBXContainerItemProxy */ = {
			isa = PBXContainerItemProxy;
			containerPortal = 3363B1FE1B156E71000925F9 /* Project object */;
			proxyType = 1;
			remoteGlobalIDString = 3363B2051B156E71000925F9;
			remoteInfo = Roshambo;
		};
/* End PBXContainerItemProxy section */

/* Begin PBXFileReference section */
		3363B2061B156E71000925F9 /* Roshambo.app */ = {isa = PBXFileReference; explicitFileType = wrapper.application; includeInIndex = 0; path = Roshambo.app; sourceTree = BUILT_PRODUCTS_DIR; };
		3363B20A1B156E71000925F9 /* Info.plist */ = {isa = PBXFileReference; lastKnownFileType = text.plist.xml; path = Info.plist; sourceTree = "<group>"; };
		3363B20B1B156E71000925F9 /* AppDelegate.swift */ = {isa = PBXFileReference; lastKnownFileType = sourcecode.swift; path = AppDelegate.swift; sourceTree = "<group>"; };
		3363B20D1B156E71000925F9 /* ViewController.swift */ = {isa = PBXFileReference; lastKnownFileType = sourcecode.swift; path = ViewController.swift; sourceTree = "<group>"; };
		3363B2101B156E71000925F9 /* Base */ = {isa = PBXFileReference; lastKnownFileType = file.storyboard; name = Base; path = Base.lproj/Main.storyboard; sourceTree = "<group>"; };
		3363B2121B156E71000925F9 /* Images.xcassets */ = {isa = PBXFileReference; lastKnownFileType = folder.assetcatalog; path = Images.xcassets; sourceTree = "<group>"; };
		3363B2151B156E71000925F9 /* Base */ = {isa = PBXFileReference; lastKnownFileType = file.xib; name = Base; path = Base.lproj/LaunchScreen.xib; sourceTree = "<group>"; };
		3363B21B1B156E71000925F9 /* RoshamboTests.xctest */ = {isa = PBXFileReference; explicitFileType = wrapper.cfbundle; includeInIndex = 0; path = RoshamboTests.xctest; sourceTree = BUILT_PRODUCTS_DIR; };
		3363B2201B156E71000925F9 /* Info.plist */ = {isa = PBXFileReference; lastKnownFileType = text.plist.xml; path = Info.plist; sourceTree = "<group>"; };
		3363B2211B156E71000925F9 /* RoshamboTests.swift */ = {isa = PBXFileReference; lastKnownFileType = sourcecode.swift; path = RoshamboTests.swift; sourceTree = "<group>"; };
/* End PBXFileReference section */

/* Begin PBXFrameworksBuildPhase section */
		3363B2031B156E71000925F9 /* Frameworks */ = {
			isa = PBXFrameworksBuildPhase;
			buildActionMask = 2147483647;
			files = (
			);
			runOnlyForDeploymentPostprocessing = 0;
		};
		3363B2181B156E71000925F9 /* Frameworks */ = {
			isa = PBXFrameworksBuildPhase;
			buildActionMask = 2147483647;
			files = (
			);
			runOnlyForDeploymentPostprocessing = 0;
		};
/* End PBXFrameworksBuildPhase section */

/* Begin PBXGroup section */
		3363B1FD1B156E71000925F9 = {
			isa = PBXGroup;
			children = (
				3363B2081B156E71000925F9 /* Roshambo */,
				3363B21E1B156E71000925F9 /* RoshamboTests */,
				3363B2071B156E71000925F9 /* Products */,
			);
			sourceTree = "<group>";
		};
		3363B2071B156E71000925F9 /* Products */ = {
			isa = PBXGroup;
			children = (
				3363B2061B156E71000925F9 /* Roshambo.app */,
				3363B21B1B156E71000925F9 /* RoshamboTests.xctest */,
			);
			name = Products;
			sourceTree = "<group>";
		};
		3363B2081B156E71000925F9 /* Roshambo */ = {
			isa = PBXGroup;
			children = (
				3363B20B1B156E71000925F9 /* AppDelegate.swift */,
				3363B20D1B156E71000925F9 /* ViewController.swift */,
				3363B20F1B156E71000925F9 /* Main.storyboard */,
				3363B2121B156E71000925F9 /* Images.xcassets */,
				3363B2141B156E71000925F9 /* LaunchScreen.xib */,
				3363B2091B156E71000925F9 /* Supporting Files */,
			);
			path = Roshambo;
			sourceTree = "<group>";
		};
		3363B2091B156E71000925F9 /* Supporting Files */ = {
			isa = PBXGroup;
			children = (
				3363B20A1B156E71000925F9 /* Info.plist */,
			);
			name = "Supporting Files";
			sourceTree = "<group>";
		};
		3363B21E1B156E71000925F9 /* RoshamboTests */ = {
			isa = PBXGroup;
			children = (
				3363B2211B156E71000925F9 /* RoshamboTests.swift */,
				3363B21F1B156E71000925F9 /* Supporting Files */,
			);
			path = RoshamboTests;
			sourceTree = "<group>";
		};
		3363B21F1B156E71000925F9 /* Supporting Files */ = {
			isa = PBXGroup;
			children = (
				3363B2201B156E71000925F9 /* Info.plist */,
			);
			name = "Supporting Files";
			sourceTree = "<group>";
		};
/* End PBXGroup section */

/* Begin PBXNativeTarget section */
		3363B2051B156E71000925F9 /* Roshambo */ = {
			isa = PBXNativeTarget;
			buildConfigurationList = 3363B2251B156E71000925F9 /* Build configuration list for PBXNativeTarget "Roshambo" */;
			buildPhases = (
				3363B2021B156E71000925F9 /* Sources */,
				3363B2031B156E71000925F9 /* Frameworks */,
				3363B2041B156E71000925F9 /* Resources */,
			);
			buildRules = (
			);
			dependencies = (
			);
			name = Roshambo;
			productName = Roshambo;
			productReference = 3363B2061B156E71000925F9 /* Roshambo.app */;
			productType = "com.apple.product-type.application";
		};
		3363B21A1B156E71000925F9 /* RoshamboTests */ = {
			isa = PBXNativeTarget;
			buildConfigurationList = 3363B2281B156E71000925F9 /* Build configuration list for PBXNativeTarget "RoshamboTests" */;
			buildPhases = (
				3363B2171B156E71000925F9 /* Sources */,
				3363B2181B156E71000925F9 /* Frameworks */,
				3363B2191B156E71000925F9 /* Resources */,
			);
			buildRules = (
			);
			dependencies = (
				3363B21D1B156E71000925F9 /* PBXTargetDependency */,
			);
			name = RoshamboTests;
			productName = RoshamboTests;
			productReference = 3363B21B1B156E71000925F9 /* RoshamboTests.xctest */;
			productType = "com.apple.product-type.bundle.unit-test";
		};
/* End PBXNativeTarget section */

/* Begin PBXProject section */
		3363B1FE1B156E71000925F9 /* Project object */ = {
			isa = PBXProject;
			attributes = {
				LastUpgradeCheck = 0630;
				ORGANIZATIONNAME = "Klaus Villaca";
				TargetAttributes = {
					3363B2051B156E71000925F9 = {
						CreatedOnToolsVersion = 6.3.2;
					};
					3363B21A1B156E71000925F9 = {
						CreatedOnToolsVersion = 6.3.2;
						TestTargetID = 3363B2051B156E71000925F9;
					};
				};
			};
			buildConfigurationList = 3363B2011B156E71000925F9 /* Build configuration list for PBXProject "Roshambo" */;
			compatibilityVersion = "Xcode 3.2";
			developmentRegion = English;
			hasScannedForEncodings = 0;
			knownRegions = (
				en,
				Base,
			);
			mainGroup = 3363B1FD1B156E71000925F9;
			productRefGroup = 3363B2071B156E71000925F9 /* Products */;
			projectDirPath = "";
			projectRoot = "";
			targets = (
				3363B2051B156E71000925F9 /* Roshambo */,
				3363B21A1B156E71000925F9 /* RoshamboTests */,
			);
		};
/* End PBXProject section */

/* Begin PBXResourcesBuildPhase section */
		3363B2041B156E71000925F9 /* Resources */ = {
			isa = PBXResourcesBuildPhase;
			buildActionMask = 2147483647;
			files = (
				3363B2111B156E71000925F9 /* Main.storyboard in Resources */,
				3363B2161B156E71000925F9 /* LaunchScreen.xib in Resources */,
				3363B2131B156E71000925F9 /* Images.xcassets in Resources */,
			);
			runOnlyForDeploymentPostprocessing = 0;
		};
		3363B2191B156E71000925F9 /* Resources */ = {
			isa = PBXResourcesBuildPhase;
			buildActionMask = 2147483647;
			files = (
			);
			runOnlyForDeploymentPostprocessing = 0;
		};
/* End PBXResourcesBuildPhase section */

/* Begin PBXSourcesBuildPhase section */
		3363B2021B156E71000925F9 /* Sources */ = {
			isa = PBXSourcesBuildPhase;
			buildActionMask = 2147483647;
			files = (
				3363B20E1B156E71000925F9 /* ViewController.swift in Sources */,
				3363B20C1B156E71000925F9 /* AppDelegate.swift in Sources */,
			);
			runOnlyForDeploymentPostprocessing = 0;
		};
		3363B2171B156E71000925F9 /* Sources */ = {
			isa = PBXSourcesBuildPhase;
			buildActionMask = 2147483647;
			files = (
				3363B2221B156E71000925F9 /* RoshamboTests.swift in Sources */,
			);
			runOnlyForDeploymentPostprocessing = 0;
		};
/* End PBXSourcesBuildPhase section */

/* Begin PBXTargetDependency section */
		3363B21D1B156E71000925F9 /* PBXTargetDependency */ = {
			isa = PBXTargetDependency;
			target = 3363B2051B156E71000925F9 /* Roshambo */;
			targetProxy = 3363B21C1B156E71000925F9 /* PBXContainerItemProxy */;
		};
/* End PBXTargetDependency section */

/* Begin PBXVariantGroup section */
		3363B20F1B156E71000925F9 /* Main.storyboard */ = {
			isa = PBXVariantGroup;
			children = (
				3363B2101B156E71000925F9 /* Base */,
			);
			name = Main.storyboard;
			sourceTree = "<group>";
		};
		3363B2141B156E71000925F9 /* LaunchScreen.xib */ = {
			isa = PBXVariantGroup;
			children = (
				3363B2151B156E71000925F9 /* Base */,
			);
			name = LaunchScreen.xib;
			sourceTree = "<group>";
		};
/* End PBXVariantGroup section */

/* Begin XCBuildConfiguration section */
		3363B2231B156E71000925F9 /* Debug */ = {
			isa = XCBuildConfiguration;
			buildSettings = {
				ALWAYS_SEARCH_USER_PATHS = NO;
				CLANG_CXX_LANGUAGE_STANDARD = "gnu++0x";
				CLANG_CXX_LIBRARY = "libc++";
				CLANG_ENABLE_MODULES = YES;
				CLANG_ENABLE_OBJC_ARC = YES;
				CLANG_WARN_BOOL_CONVERSION = YES;
				CLANG_WARN_CONSTANT_CONVERSION = YES;
				CLANG_WARN_DIRECT_OBJC_ISA_USAGE = YES_ERROR;
				CLANG_WARN_EMPTY_BODY = YES;
				CLANG_WARN_ENUM_CONVERSION = YES;
				CLANG_WARN_INT_CONVERSION = YES;
				CLANG_WARN_OBJC_ROOT_CLASS = YES_ERROR;
				CLANG_WARN_UNREACHABLE_CODE = YES;
				CLANG_WARN__DUPLICATE_METHOD_MATCH = YES;
				"CODE_SIGN_IDENTITY[sdk=iphoneos*]" = "iPhone Developer";
				COPY_PHASE_STRIP = NO;
				DEBUG_INFORMATION_FORMAT = "dwarf-with-dsym";
				ENABLE_STRICT_OBJC_MSGSEND = YES;
				GCC_C_LANGUAGE_STANDARD = gnu99;
				GCC_DYNAMIC_NO_PIC = NO;
				GCC_NO_COMMON_BLOCKS = YES;
				GCC_OPTIMIZATION_LEVEL = 0;
				GCC_PREPROCESSOR_DEFINITIONS = (
					"DEBUG=1",
					"$(inherited)",
				);
				GCC_SYMBOLS_PRIVATE_EXTERN = NO;
				GCC_WARN_64_TO_32_BIT_CONVERSION = YES;
				GCC_WARN_ABOUT_RETURN_TYPE = YES_ERROR;
				GCC_WARN_UNDECLARED_SELECTOR = YES;
				GCC_WARN_UNINITIALIZED_AUTOS = YES_AGGRESSIVE;
				GCC_WARN_UNUSED_FUNCTION = YES;
				GCC_WARN_UNUSED_VARIABLE = YES;
				IPHONEOS_DEPLOYMENT_TARGET = 8.3;
				MTL_ENABLE_DEBUG_INFO = YES;
				ONLY_ACTIVE_ARCH = YES;
				SDKROOT = iphoneos;
				SWIFT_OPTIMIZATION_LEVEL = "-Onone";
			};
			name = Debug;
		};
		3363B2241B156E71000925F9 /* Release */ = {
			isa = XCBuildConfiguration;
			buildSettings = {
				ALWAYS_SEARCH_USER_PATHS = NO;
				CLANG_CXX_LANGUAGE_STANDARD = "gnu++0x";
				CLANG_CXX_LIBRARY = "libc++";
				CLANG_ENABLE_MODULES = YES;
				CLANG_ENABLE_OBJC_ARC = YES;
				CLANG_WARN_BOOL_CONVERSION = YES;
				CLANG_WARN_CONSTANT_CONVERSION = YES;
				CLANG_WARN_DIRECT_OBJC_ISA_USAGE = YES_ERROR;
				CLANG_WARN_EMPTY_BODY = YES;
				CLANG_WARN_ENUM_CONVERSION = YES;
				CLANG_WARN_INT_CONVERSION = YES;
				CLANG_WARN_OBJC_ROOT_CLASS = YES_ERROR;
				CLANG_WARN_UNREACHABLE_CODE = YES;
				CLANG_WARN__DUPLICATE_METHOD_MATCH = YES;
				"CODE_SIGN_IDENTITY[sdk=iphoneos*]" = "iPhone Developer";
				COPY_PHASE_STRIP = NO;
				DEBUG_INFORMATION_FORMAT = "dwarf-with-dsym";
				ENABLE_NS_ASSERTIONS = NO;
				ENABLE_STRICT_OBJC_MSGSEND = YES;
				GCC_C_LANGUAGE_STANDARD = gnu99;
				GCC_NO_COMMON_BLOCKS = YES;
				GCC_WARN_64_TO_32_BIT_CONVERSION = YES;
				GCC_WARN_ABOUT_RETURN_TYPE = YES_ERROR;
				GCC_WARN_UNDECLARED_SELECTOR = YES;
				GCC_WARN_UNINITIALIZED_AUTOS = YES_AGGRESSIVE;
				GCC_WARN_UNUSED_FUNCTION = YES;
				GCC_WARN_UNUSED_VARIABLE = YES;
				IPHONEOS_DEPLOYMENT_TARGET = 8.3;
				MTL_ENABLE_DEBUG_INFO = NO;
				SDKROOT = iphoneos;
				VALIDATE_PRODUCT = YES;
			};
			name = Release;
		};
		3363B2261B156E71000925F9 /* Debug */ = {
			isa = XCBuildConfiguration;
			buildSettings = {
				ASSETCATALOG_COMPILER_APPICON_NAME = AppIcon;
				INFOPLIST_FILE = Roshambo/Info.plist;
				LD_RUNPATH_SEARCH_PATHS = "$(inherited) @executable_path/Frameworks";
				PRODUCT_NAME = "$(TARGET_NAME)";
			};
			name = Debug;
		};
		3363B2271B156E71000925F9 /* Release */ = {
			isa = XCBuildConfiguration;
			buildSettings = {
				ASSETCATALOG_COMPILER_APPICON_NAME = AppIcon;
				INFOPLIST_FILE = Roshambo/Info.plist;
				LD_RUNPATH_SEARCH_PATHS = "$(inherited) @executable_path/Frameworks";
				PRODUCT_NAME = "$(TARGET_NAME)";
			};
			name = Release;
		};
		3363B2291B156E71000925F9 /* Debug */ = {
			isa = XCBuildConfiguration;
			buildSettings = {
				BUNDLE_LOADER = "$(TEST_HOST)";
				FRAMEWORK_SEARCH_PATHS = (
					"$(SDKROOT)/Developer/Library/Frameworks",
					"$(inherited)",
				);
				GCC_PREPROCESSOR_DEFINITIONS = (
					"DEBUG=1",
					"$(inherited)",
				);
				INFOPLIST_FILE = RoshamboTests/Info.plist;
				LD_RUNPATH_SEARCH_PATHS = "$(inherited) @executable_path/Frameworks @loader_path/Frameworks";
				PRODUCT_NAME = "$(TARGET_NAME)";
				TEST_HOST = "$(BUILT_PRODUCTS_DIR)/Roshambo.app/Roshambo";
			};
			name = Debug;
		};
		3363B22A1B156E71000925F9 /* Release */ = {
			isa = XCBuildConfiguration;
			buildSettings = {
				BUNDLE_LOADER = "$(TEST_HOST)";
				FRAMEWORK_SEARCH_PATHS = (
					"$(SDKROOT)/Developer/Library/Frameworks",
					"$(inherited)",
				);
				INFOPLIST_FILE = RoshamboTests/Info.plist;
				LD_RUNPATH_SEARCH_PATHS = "$(inherited) @executable_path/Frameworks @loader_path/Frameworks";
				PRODUCT_NAME = "$(TARGET_NAME)";
				TEST_HOST = "$(BUILT_PRODUCTS_DIR)/Roshambo.app/Roshambo";
			};
			name = Release;
		};
/* End XCBuildConfiguration section */

/* Begin XCConfigurationList section */
		3363B2011B156E71000925F9 /* Build configuration list for PBXProject "Roshambo" */ = {
			isa = XCConfigurationList;
			buildConfigurations = (
				3363B2231B156E71000925F9 /* Debug */,
				3363B2241B156E71000925F9 /* Release */,
			);
			defaultConfigurationIsVisible = 0;
			defaultConfigurationName = Release;
		};
		3363B2251B156E71000925F9 /* Build configuration list for PBXNativeTarget "Roshambo" */ = {
			isa = XCConfigurationList;
			buildConfigurations = (
				3363B2261B156E71000925F9 /* Debug */,
				3363B2271B156E71000925F9 /* Release */,
			);
			defaultConfigurationIsVisible = 0;
		};
		3363B2281B156E71000925F9 /* Build configuration list for PBXNativeTarget "RoshamboTests" */ = {
			isa = XCConfigurationList;
			buildConfigurations = (
				3363B2291B156E71000925F9 /* Debug */,
				3363B22A1B156E71000925F9 /* Release */,
			);
			defaultConfigurationIsVisible = 0;
		};
/* End XCConfigurationList section */
	};
	rootObject = 3363B1FE1B156E71000925F9 /* Project object */;
}
